<?xml version="1.0" encoding="utf-8"?>
<Project ToolsVersion="4.0" xmlns="http://schemas.microsoft.com/developer/msbuild/2003">
  <ItemGroup>
    <Filter Include="Source Files">
      <UniqueIdentifier>{4FC737F1-C7A5-4376-A066-2A32D752A2FF}</UniqueIdentifier>
      <Extensions>cpp;c;cc;cxx;c++;cppm;ixx;def;odl;idl;hpj;bat;asm;asmx</Extensions>
    </Filter>
    <Filter Include="Header Files">
      <UniqueIdentifier>{93995380-89BD-4b04-88EB-625FBE52EBFB}</UniqueIdentifier>
      <Extensions>h;hh;hpp;hxx;h++;hm;inl;inc;ipp;xsd</Extensions>
    </Filter>
    <Filter Include="Resource Files">
      <UniqueIdentifier>{67DA6AB6-F800-4c08-8B7A-83BB121AAD01}</UniqueIdentifier>
      <Extensions>rc;ico;cur;bmp;dlg;rc2;rct;bin;rgs;gif;jpg;jpeg;jpe;resx;tiff;tif;png;wav;mfcribbon-ms</Extensions>
    </Filter>
  </ItemGroup>
  <ItemGroup>
    <ClCompile Include="Casino game.cpp">
      <Filter>Source Files</Filter>
    </ClCompile>
    <ClCompile Include="Hit.cpp">
      <Filter>Resource Files</Filter>
    </ClCompile>
    <ClCompile Include="Ace Possible.cpp">
      <Filter>Resource Files</Filter>
    </ClCompile>
    <ClCompile Include="Generate Cards.cpp">
      <Filter>Resource Files</Filter>
    </ClCompile>
    <ClCompile Include="Stand.cpp">
      <Filter>Resource Files</Filter>
    </ClCompile>
    <ClCompile Include="Choose Next Move.cpp">
      <Filter>Resource Files</Filter>
    </ClCompile>
    <ClCompile Include="Surrender.cpp">
      <Filter>Resource Files</Filter>
    </ClCompile>
    <ClCompile Include="Split.cpp">
      <Filter>Resource Files</Filter>
    </ClCompile>
    <ClCompile Include="Double Down.cpp">
      <Filter>Resource Files</Filter>
    </ClCompile>
    <ClCompile Include="Wager Amount.cpp">
      <Filter>Resource Files</Filter>
    </ClCompile>
    <ClCompile Include="Play or no Play.cpp">
      <Filter>Resource Files</Filter>
    </ClCompile>
    <ClCompile Include="Run it all.cpp">
      <Filter>Resource Files</Filter>
    </ClCompile>
    <ClCompile Include="StandforHand.cpp">
      <Filter>Resource Files</Filter>
    </ClCompile>
    <ClCompile Include="ChooseHitH2.cpp">
      <Filter>Resource Files</Filter>
    </ClCompile>
    <ClCompile Include="ChooseHitH1.cpp">
      <Filter>Resource Files</Filter>
    </ClCompile>
    <ClCompile Include="Hit for Hand.cpp">
      <Filter>Resource Files</Filter>
    </ClCompile>
    <ClCompile Include="Double Down for Hand.cpp">
      <Filter>Resource Files</Filter>
    </ClCompile>
    <ClCompile Include="Surrender for Hand.cpp">
      <Filter>Resource Files</Filter>
    </ClCompile>
  </ItemGroup>
  <ItemGroup>
    <ClInclude Include="Header.h">
      <Filter>Header Files</Filter>
    </ClInclude>
  </ItemGroup>
</Project>